
Microsoft Visual Studio Solution File, Format Version 12.00
# Visual Studio 15
VisualStudioVersion = 15.0.28307.705
MinimumVisualStudioVersion = 10.0.40219.1
Project("{FAE04EC0-301F-11D3-BF4B-00C04F79EFBC}") = "array_test", "array_test.csproj", "{63A131B4-B74C-42E6-AF63-1F5BB698771F}"
EndProject
Global
	GlobalSection(SolutionConfigurationPlatforms) = preSolution
		Debug|Any CPU = Debug|Any CPU
		Release|Any CPU = Release|Any CPU
	EndGlobalSection
	GlobalSection(ProjectConfigurationPlatforms) = postSolution
		{63A131B4-B74C-42E6-AF63-1F5BB698771F}.Debug|Any CPU.ActiveCfg = Debug|Any CPU
		{63A131B4-B74C-42E6-AF63-1F5BB698771F}.Debug|Any CPU.Build.0 = Debug|Any CPU
		{63A131B4-B74C-42E6-AF63-1F5BB698771F}.Release|Any CPU.ActiveCfg = Release|Any CPU
		{63A131B4-B74C-42E6-AF63-1F5BB698771F}.Release|Any CPU.Build.0 = Release|Any CPU
	EndGlobalSection
	GlobalSection(SolutionProperties) = preSolution
		HideSolutionNode = FALSE
	EndGlobalSection
	GlobalSection(ExtensibilityGlobals) = postSolution
		SolutionGuid = {32F27D6C-3265-4135-9745-1FA04E2E13B8}
	EndGlobalSection
EndGlobal
