
Microsoft Visual Studio Solution File, Format Version 12.00
# Visual Studio Version 16
VisualStudioVersion = 16.0.30804.86
MinimumVisualStudioVersion = 10.0.40219.1
Project("{888888A0-9F3D-457C-B088-3A5042F75D52}") = "http_get_and_parse_json", "http_get_and_parse_json.pyproj", "{819DD041-47E2-46F7-B5FE-5B3C00FF9717}"
EndProject
Global
	GlobalSection(SolutionConfigurationPlatforms) = preSolution
		Debug|Any CPU = Debug|Any CPU
		Release|Any CPU = Release|Any CPU
	EndGlobalSection
	GlobalSection(ProjectConfigurationPlatforms) = postSolution
		{819DD041-47E2-46F7-B5FE-5B3C00FF9717}.Debug|Any CPU.ActiveCfg = Debug|Any CPU
		{819DD041-47E2-46F7-B5FE-5B3C00FF9717}.Release|Any CPU.ActiveCfg = Release|Any CPU
	EndGlobalSection
	GlobalSection(SolutionProperties) = preSolution
		HideSolutionNode = FALSE
	EndGlobalSection
	GlobalSection(ExtensibilityGlobals) = postSolution
		SolutionGuid = {31BE96D2-A415-473D-AC6C-CC47A85D9E4B}
	EndGlobalSection
EndGlobal
